// !$*UTF8*$!
{
	archiveVersion = 1;
	classes = {
	};
	objectVersion = 50;
	objects = {

/* Begin PBXBuildFile section */
		01EB39087C7A2DDC6B9D1D4A /* Pods_parseChatDemo_parseChatDemoUITests.framework in Frameworks */ = {isa = PBXBuildFile; fileRef = 7359DD2A9E10BC38CEB07767 /* Pods_parseChatDemo_parseChatDemoUITests.framework */; };
		5155CD0BEFAA9A571C936294 /* Pods_parseChatDemo.framework in Frameworks */ = {isa = PBXBuildFile; fileRef = 655CE4FCF6F84315A2401A21 /* Pods_parseChatDemo.framework */; };
		58ECEAC425FD400000610EF7 /* AppDelegate.swift in Sources */ = {isa = PBXBuildFile; fileRef = 58ECEAC325FD400000610EF7 /* AppDelegate.swift */; };
		58ECEAC625FD400000610EF7 /* SceneDelegate.swift in Sources */ = {isa = PBXBuildFile; fileRef = 58ECEAC525FD400000610EF7 /* SceneDelegate.swift */; };
		58ECEAC825FD400000610EF7 /* ViewController.swift in Sources */ = {isa = PBXBuildFile; fileRef = 58ECEAC725FD400000610EF7 /* ViewController.swift */; };
		58ECEACB25FD400000610EF7 /* Main.storyboard in Resources */ = {isa = PBXBuildFile; fileRef = 58ECEAC925FD400000610EF7 /* Main.storyboard */; };
		58ECEACD25FD400100610EF7 /* Assets.xcassets in Resources */ = {isa = PBXBuildFile; fileRef = 58ECEACC25FD400100610EF7 /* Assets.xcassets */; };
		58ECEAD025FD400100610EF7 /* LaunchScreen.storyboard in Resources */ = {isa = PBXBuildFile; fileRef = 58ECEACE25FD400100610EF7 /* LaunchScreen.storyboard */; };
		58ECEADB25FD400100610EF7 /* parseChatDemoTests.swift in Sources */ = {isa = PBXBuildFile; fileRef = 58ECEADA25FD400100610EF7 /* parseChatDemoTests.swift */; };
		58ECEAE625FD400100610EF7 /* parseChatDemoUITests.swift in Sources */ = {isa = PBXBuildFile; fileRef = 58ECEAE525FD400100610EF7 /* parseChatDemoUITests.swift */; };
		84597D9292C69994D6FC5012 /* Pods_parseChatDemoTests.framework in Frameworks */ = {isa = PBXBuildFile; fileRef = 0F0E2C080CC845A7C6FEDC61 /* Pods_parseChatDemoTests.framework */; };
/* End PBXBuildFile section */

/* Begin PBXContainerItemProxy section */
		58ECEAD725FD400100610EF7 /* PBXContainerItemProxy */ = {
			isa = PBXContainerItemProxy;
			containerPortal = 58ECEAB825FD400000610EF7 /* Project object */;
			proxyType = 1;
			remoteGlobalIDString = 58ECEABF25FD400000610EF7;
			remoteInfo = parseChatDemo;
		};
		58ECEAE225FD400100610EF7 /* PBXContainerItemProxy */ = {
			isa = PBXContainerItemProxy;
			containerPortal = 58ECEAB825FD400000610EF7 /* Project object */;
			proxyType = 1;
			remoteGlobalIDString = 58ECEABF25FD400000610EF7;
			remoteInfo = parseChatDemo;
		};
/* End PBXContainerItemProxy section */

/* Begin PBXFileReference section */
		0F0E2C080CC845A7C6FEDC61 /* Pods_parseChatDemoTests.framework */ = {isa = PBXFileReference; explicitFileType = wrapper.framework; includeInIndex = 0; path = Pods_parseChatDemoTests.framework; sourceTree = BUILT_PRODUCTS_DIR; };
		44B0F23703F29723864061B8 /* Pods-parseChatDemo-parseChatDemoUITests.release.xcconfig */ = {isa = PBXFileReference; includeInIndex = 1; lastKnownFileType = text.xcconfig; name = "Pods-parseChatDemo-parseChatDemoUITests.release.xcconfig"; path = "Target Support Files/Pods-parseChatDemo-parseChatDemoUITests/Pods-parseChatDemo-parseChatDemoUITests.release.xcconfig"; sourceTree = "<group>"; };
		58ECEAC025FD400000610EF7 /* parseChatDemo.app */ = {isa = PBXFileReference; explicitFileType = wrapper.application; includeInIndex = 0; path = parseChatDemo.app; sourceTree = BUILT_PRODUCTS_DIR; };
		58ECEAC325FD400000610EF7 /* AppDelegate.swift */ = {isa = PBXFileReference; lastKnownFileType = sourcecode.swift; path = AppDelegate.swift; sourceTree = "<group>"; };
		58ECEAC525FD400000610EF7 /* SceneDelegate.swift */ = {isa = PBXFileReference; lastKnownFileType = sourcecode.swift; path = SceneDelegate.swift; sourceTree = "<group>"; };
		58ECEAC725FD400000610EF7 /* ViewController.swift */ = {isa = PBXFileReference; lastKnownFileType = sourcecode.swift; path = ViewController.swift; sourceTree = "<group>"; };
		58ECEACA25FD400000610EF7 /* Base */ = {isa = PBXFileReference; lastKnownFileType = file.storyboard; name = Base; path = Base.lproj/Main.storyboard; sourceTree = "<group>"; };
		58ECEACC25FD400100610EF7 /* Assets.xcassets */ = {isa = PBXFileReference; lastKnownFileType = folder.assetcatalog; path = Assets.xcassets; sourceTree = "<group>"; };
		58ECEACF25FD400100610EF7 /* Base */ = {isa = PBXFileReference; lastKnownFileType = file.storyboard; name = Base; path = Base.lproj/LaunchScreen.storyboard; sourceTree = "<group>"; };
		58ECEAD125FD400100610EF7 /* Info.plist */ = {isa = PBXFileReference; lastKnownFileType = text.plist.xml; path = Info.plist; sourceTree = "<group>"; };
		58ECEAD625FD400100610EF7 /* parseChatDemoTests.xctest */ = {isa = PBXFileReference; explicitFileType = wrapper.cfbundle; includeInIndex = 0; path = parseChatDemoTests.xctest; sourceTree = BUILT_PRODUCTS_DIR; };
		58ECEADA25FD400100610EF7 /* parseChatDemoTests.swift */ = {isa = PBXFileReference; lastKnownFileType = sourcecode.swift; path = parseChatDemoTests.swift; sourceTree = "<group>"; };
		58ECEADC25FD400100610EF7 /* Info.plist */ = {isa = PBXFileReference; lastKnownFileType = text.plist.xml; path = Info.plist; sourceTree = "<group>"; };
		58ECEAE125FD400100610EF7 /* parseChatDemoUITests.xctest */ = {isa = PBXFileReference; explicitFileType = wrapper.cfbundle; includeInIndex = 0; path = parseChatDemoUITests.xctest; sourceTree = BUILT_PRODUCTS_DIR; };
		58ECEAE525FD400100610EF7 /* parseChatDemoUITests.swift */ = {isa = PBXFileReference; lastKnownFileType = sourcecode.swift; path = parseChatDemoUITests.swift; sourceTree = "<group>"; };
		58ECEAE725FD400100610EF7 /* Info.plist */ = {isa = PBXFileReference; lastKnownFileType = text.plist.xml; path = Info.plist; sourceTree = "<group>"; };
		655CE4FCF6F84315A2401A21 /* Pods_parseChatDemo.framework */ = {isa = PBXFileReference; explicitFileType = wrapper.framework; includeInIndex = 0; path = Pods_parseChatDemo.framework; sourceTree = BUILT_PRODUCTS_DIR; };
		6EEDFDB6B936FF62DDF3E7E7 /* Pods-parseChatDemo.debug.xcconfig */ = {isa = PBXFileReference; includeInIndex = 1; lastKnownFileType = text.xcconfig; name = "Pods-parseChatDemo.debug.xcconfig"; path = "Target Support Files/Pods-parseChatDemo/Pods-parseChatDemo.debug.xcconfig"; sourceTree = "<group>"; };
		7359DD2A9E10BC38CEB07767 /* Pods_parseChatDemo_parseChatDemoUITests.framework */ = {isa = PBXFileReference; explicitFileType = wrapper.framework; includeInIndex = 0; path = Pods_parseChatDemo_parseChatDemoUITests.framework; sourceTree = BUILT_PRODUCTS_DIR; };
		A416D00BE2742F55ACD88603 /* Pods-parseChatDemo-parseChatDemoUITests.debug.xcconfig */ = {isa = PBXFileReference; includeInIndex = 1; lastKnownFileType = text.xcconfig; name = "Pods-parseChatDemo-parseChatDemoUITests.debug.xcconfig"; path = "Target Support Files/Pods-parseChatDemo-parseChatDemoUITests/Pods-parseChatDemo-parseChatDemoUITests.debug.xcconfig"; sourceTree = "<group>"; };
		AA2CCCAAB773402800DDC279 /* Pods-parseChatDemoTests.debug.xcconfig */ = {isa = PBXFileReference; includeInIndex = 1; lastKnownFileType = text.xcconfig; name = "Pods-parseChatDemoTests.debug.xcconfig"; path = "Target Support Files/Pods-parseChatDemoTests/Pods-parseChatDemoTests.debug.xcconfig"; sourceTree = "<group>"; };
		AC92D2B25B7B41A2AA929FC0 /* Pods-parseChatDemo.release.xcconfig */ = {isa = PBXFileReference; includeInIndex = 1; lastKnownFileType = text.xcconfig; name = "Pods-parseChatDemo.release.xcconfig"; path = "Target Support Files/Pods-parseChatDemo/Pods-parseChatDemo.release.xcconfig"; sourceTree = "<group>"; };
		D51306D66DB653D7D8A211BC /* Pods-parseChatDemoTests.release.xcconfig */ = {isa = PBXFileReference; includeInIndex = 1; lastKnownFileType = text.xcconfig; name = "Pods-parseChatDemoTests.release.xcconfig"; path = "Target Support Files/Pods-parseChatDemoTests/Pods-parseChatDemoTests.release.xcconfig"; sourceTree = "<group>"; };
/* End PBXFileReference section */

/* Begin PBXFrameworksBuildPhase section */
		58ECEABD25FD400000610EF7 /* Frameworks */ = {
			isa = PBXFrameworksBuildPhase;
			buildActionMask = 2147483647;
			files = (
				5155CD0BEFAA9A571C936294 /* Pods_parseChatDemo.framework in Frameworks */,
			);
			runOnlyForDeploymentPostprocessing = 0;
		};
		58ECEAD325FD400100610EF7 /* Frameworks */ = {
			isa = PBXFrameworksBuildPhase;
			buildActionMask = 2147483647;
			files = (
				84597D9292C69994D6FC5012 /* Pods_parseChatDemoTests.framework in Frameworks */,
			);
			runOnlyForDeploymentPostprocessing = 0;
		};
		58ECEADE25FD400100610EF7 /* Frameworks */ = {
			isa = PBXFrameworksBuildPhase;
			buildActionMask = 2147483647;
			files = (
				01EB39087C7A2DDC6B9D1D4A /* Pods_parseChatDemo_parseChatDemoUITests.framework in Frameworks */,
			);
			runOnlyForDeploymentPostprocessing = 0;
		};
/* End PBXFrameworksBuildPhase section */

/* Begin PBXGroup section */
		58ECEAB725FD400000610EF7 = {
			isa = PBXGroup;
			children = (
				58ECEAC225FD400000610EF7 /* parseChatDemo */,
				58ECEAD925FD400100610EF7 /* parseChatDemoTests */,
				58ECEAE425FD400100610EF7 /* parseChatDemoUITests */,
				58ECEAC125FD400000610EF7 /* Products */,
				78100650FF7B8C7213CD3774 /* Pods */,
				BCDD2248E583A9B9C785A862 /* Frameworks */,
			);
			sourceTree = "<group>";
		};
		58ECEAC125FD400000610EF7 /* Products */ = {
			isa = PBXGroup;
			children = (
				58ECEAC025FD400000610EF7 /* parseChatDemo.app */,
				58ECEAD625FD400100610EF7 /* parseChatDemoTests.xctest */,
				58ECEAE125FD400100610EF7 /* parseChatDemoUITests.xctest */,
			);
			name = Products;
			sourceTree = "<group>";
		};
		58ECEAC225FD400000610EF7 /* parseChatDemo */ = {
			isa = PBXGroup;
			children = (
				58ECEAC325FD400000610EF7 /* AppDelegate.swift */,
				58ECEAC525FD400000610EF7 /* SceneDelegate.swift */,
				58ECEAC725FD400000610EF7 /* ViewController.swift */,
				58ECEAC925FD400000610EF7 /* Main.storyboard */,
				58ECEACC25FD400100610EF7 /* Assets.xcassets */,
				58ECEACE25FD400100610EF7 /* LaunchScreen.storyboard */,
				58ECEAD125FD400100610EF7 /* Info.plist */,
			);
			path = parseChatDemo;
			sourceTree = "<group>";
		};
		58ECEAD925FD400100610EF7 /* parseChatDemoTests */ = {
			isa = PBXGroup;
			children = (
				58ECEADA25FD400100610EF7 /* parseChatDemoTests.swift */,
				58ECEADC25FD400100610EF7 /* Info.plist */,
			);
			path = parseChatDemoTests;
			sourceTree = "<group>";
		};
		58ECEAE425FD400100610EF7 /* parseChatDemoUITests */ = {
			isa = PBXGroup;
			children = (
				58ECEAE525FD400100610EF7 /* parseChatDemoUITests.swift */,
				58ECEAE725FD400100610EF7 /* Info.plist */,
			);
			path = parseChatDemoUITests;
			sourceTree = "<group>";
		};
		78100650FF7B8C7213CD3774 /* Pods */ = {
			isa = PBXGroup;
			children = (
				6EEDFDB6B936FF62DDF3E7E7 /* Pods-parseChatDemo.debug.xcconfig */,
				AC92D2B25B7B41A2AA929FC0 /* Pods-parseChatDemo.release.xcconfig */,
				A416D00BE2742F55ACD88603 /* Pods-parseChatDemo-parseChatDemoUITests.debug.xcconfig */,
				44B0F23703F29723864061B8 /* Pods-parseChatDemo-parseChatDemoUITests.release.xcconfig */,
				AA2CCCAAB773402800DDC279 /* Pods-parseChatDemoTests.debug.xcconfig */,
				D51306D66DB653D7D8A211BC /* Pods-parseChatDemoTests.release.xcconfig */,
			);
			name = Pods;
			path = Pods;
			sourceTree = "<group>";
		};
		BCDD2248E583A9B9C785A862 /* Frameworks */ = {
			isa = PBXGroup;
			children = (
				655CE4FCF6F84315A2401A21 /* Pods_parseChatDemo.framework */,
				7359DD2A9E10BC38CEB07767 /* Pods_parseChatDemo_parseChatDemoUITests.framework */,
				0F0E2C080CC845A7C6FEDC61 /* Pods_parseChatDemoTests.framework */,
			);
			name = Frameworks;
			sourceTree = "<group>";
		};
/* End PBXGroup section */

/* Begin PBXNativeTarget section */
		58ECEABF25FD400000610EF7 /* parseChatDemo */ = {
			isa = PBXNativeTarget;
			buildConfigurationList = 58ECEAEA25FD400100610EF7 /* Build configuration list for PBXNativeTarget "parseChatDemo" */;
			buildPhases = (
				C2BBDE2E5E2DFC310EBD5129 /* [CP] Check Pods Manifest.lock */,
				58ECEABC25FD400000610EF7 /* Sources */,
				58ECEABD25FD400000610EF7 /* Frameworks */,
				58ECEABE25FD400000610EF7 /* Resources */,
				1FC6A28BD14E88859339ECDE /* [CP] Embed Pods Frameworks */,
			);
			buildRules = (
			);
			dependencies = (
			);
			name = parseChatDemo;
			productName = parseChatDemo;
			productReference = 58ECEAC025FD400000610EF7 /* parseChatDemo.app */;
			productType = "com.apple.product-type.application";
		};
		58ECEAD525FD400100610EF7 /* parseChatDemoTests */ = {
			isa = PBXNativeTarget;
			buildConfigurationList = 58ECEAED25FD400100610EF7 /* Build configuration list for PBXNativeTarget "parseChatDemoTests" */;
			buildPhases = (
				4A8016E45469CA779BF9D968 /* [CP] Check Pods Manifest.lock */,
				58ECEAD225FD400100610EF7 /* Sources */,
				58ECEAD325FD400100610EF7 /* Frameworks */,
				58ECEAD425FD400100610EF7 /* Resources */,
			);
			buildRules = (
			);
			dependencies = (
				58ECEAD825FD400100610EF7 /* PBXTargetDependency */,
			);
			name = parseChatDemoTests;
			productName = parseChatDemoTests;
			productReference = 58ECEAD625FD400100610EF7 /* parseChatDemoTests.xctest */;
			productType = "com.apple.product-type.bundle.unit-test";
		};
		58ECEAE025FD400100610EF7 /* parseChatDemoUITests */ = {
			isa = PBXNativeTarget;
			buildConfigurationList = 58ECEAF025FD400100610EF7 /* Build configuration list for PBXNativeTarget "parseChatDemoUITests" */;
			buildPhases = (
				3B5C45901650A5B626BBD26D /* [CP] Check Pods Manifest.lock */,
				58ECEADD25FD400100610EF7 /* Sources */,
				58ECEADE25FD400100610EF7 /* Frameworks */,
				58ECEADF25FD400100610EF7 /* Resources */,
				0A1D94455626B3D41B5A3007 /* [CP] Embed Pods Frameworks */,
			);
			buildRules = (
			);
			dependencies = (
				58ECEAE325FD400100610EF7 /* PBXTargetDependency */,
			);
			name = parseChatDemoUITests;
			productName = parseChatDemoUITests;
			productReference = 58ECEAE125FD400100610EF7 /* parseChatDemoUITests.xctest */;
			productType = "com.apple.product-type.bundle.ui-testing";
		};
/* End PBXNativeTarget section */

/* Begin PBXProject section */
		58ECEAB825FD400000610EF7 /* Project object */ = {
			isa = PBXProject;
			attributes = {
				LastSwiftUpdateCheck = 1240;
				LastUpgradeCheck = 1240;
				TargetAttributes = {
					58ECEABF25FD400000610EF7 = {
						CreatedOnToolsVersion = 12.4;
					};
					58ECEAD525FD400100610EF7 = {
						CreatedOnToolsVersion = 12.4;
						TestTargetID = 58ECEABF25FD400000610EF7;
					};
					58ECEAE025FD400100610EF7 = {
						CreatedOnToolsVersion = 12.4;
						TestTargetID = 58ECEABF25FD400000610EF7;
					};
				};
			};
			buildConfigurationList = 58ECEABB25FD400000610EF7 /* Build configuration list for PBXProject "parseChatDemo" */;
			compatibilityVersion = "Xcode 9.3";
			developmentRegion = en;
			hasScannedForEncodings = 0;
			knownRegions = (
				en,
				Base,
			);
			mainGroup = 58ECEAB725FD400000610EF7;
			productRefGroup = 58ECEAC125FD400000610EF7 /* Products */;
			projectDirPath = "";
			projectRoot = "";
			targets = (
				58ECEABF25FD400000610EF7 /* parseChatDemo */,
				58ECEAD525FD400100610EF7 /* parseChatDemoTests */,
				58ECEAE025FD400100610EF7 /* parseChatDemoUITests */,
			);
		};
/* End PBXProject section */

/* Begin PBXResourcesBuildPhase section */
		58ECEABE25FD400000610EF7 /* Resources */ = {
			isa = PBXResourcesBuildPhase;
			buildActionMask = 2147483647;
			files = (
				58ECEAD025FD400100610EF7 /* LaunchScreen.storyboard in Resources */,
				58ECEACD25FD400100610EF7 /* Assets.xcassets in Resources */,
				58ECEACB25FD400000610EF7 /* Main.storyboard in Resources */,
			);
			runOnlyForDeploymentPostprocessing = 0;
		};
		58ECEAD425FD400100610EF7 /* Resources */ = {
			isa = PBXResourcesBuildPhase;
			buildActionMask = 2147483647;
			files = (
			);
			runOnlyForDeploymentPostprocessing = 0;
		};
		58ECEADF25FD400100610EF7 /* Resources */ = {
			isa = PBXResourcesBuildPhase;
			buildActionMask = 2147483647;
			files = (
			);
			runOnlyForDeploymentPostprocessing = 0;
		};
/* End PBXResourcesBuildPhase section */

/* Begin PBXShellScriptBuildPhase section */
		0A1D94455626B3D41B5A3007 /* [CP] Embed Pods Frameworks */ = {
			isa = PBXShellScriptBuildPhase;
			buildActionMask = 2147483647;
			files = (
			);
			inputFileListPaths = (
				"${PODS_ROOT}/Target Support Files/Pods-parseChatDemo-parseChatDemoUITests/Pods-parseChatDemo-parseChatDemoUITests-frameworks-${CONFIGURATION}-input-files.xcfilelist",
			);
			name = "[CP] Embed Pods Frameworks";
			outputFileListPaths = (
				"${PODS_ROOT}/Target Support Files/Pods-parseChatDemo-parseChatDemoUITests/Pods-parseChatDemo-parseChatDemoUITests-frameworks-${CONFIGURATION}-output-files.xcfilelist",
			);
			runOnlyForDeploymentPostprocessing = 0;
			shellPath = /bin/sh;
			shellScript = "\"${PODS_ROOT}/Target Support Files/Pods-parseChatDemo-parseChatDemoUITests/Pods-parseChatDemo-parseChatDemoUITests-frameworks.sh\"\n";
			showEnvVarsInLog = 0;
		};
		1FC6A28BD14E88859339ECDE /* [CP] Embed Pods Frameworks */ = {
			isa = PBXShellScriptBuildPhase;
			buildActionMask = 2147483647;
			files = (
			);
			inputFileListPaths = (
				"${PODS_ROOT}/Target Support Files/Pods-parseChatDemo/Pods-parseChatDemo-frameworks-${CONFIGURATION}-input-files.xcfilelist",
			);
			name = "[CP] Embed Pods Frameworks";
			outputFileListPaths = (
				"${PODS_ROOT}/Target Support Files/Pods-parseChatDemo/Pods-parseChatDemo-frameworks-${CONFIGURATION}-output-files.xcfilelist",
			);
			runOnlyForDeploymentPostprocessing = 0;
			shellPath = /bin/sh;
			shellScript = "\"${PODS_ROOT}/Target Support Files/Pods-parseChatDemo/Pods-parseChatDemo-frameworks.sh\"\n";
			showEnvVarsInLog = 0;
		};
		3B5C45901650A5B626BBD26D /* [CP] Check Pods Manifest.lock */ = {
			isa = PBXShellScriptBuildPhase;
			buildActionMask = 2147483647;
			files = (
			);
			inputFileListPaths = (
			);
			inputPaths = (
				"${PODS_PODFILE_DIR_PATH}/Podfile.lock",
				"${PODS_ROOT}/Manifest.lock",
			);
			name = "[CP] Check Pods Manifest.lock";
			outputFileListPaths = (
			);
			outputPaths = (
				"$(DERIVED_FILE_DIR)/Pods-parseChatDemo-parseChatDemoUITests-checkManifestLockResult.txt",
			);
			runOnlyForDeploymentPostprocessing = 0;
			shellPath = /bin/sh;
			shellScript = "diff \"${PODS_PODFILE_DIR_PATH}/Podfile.lock\" \"${PODS_ROOT}/Manifest.lock\" > /dev/null\nif [ $? != 0 ] ; then\n    # print error to STDERR\n    echo \"error: The sandbox is not in sync with the Podfile.lock. Run 'pod install' or update your CocoaPods installation.\" >&2\n    exit 1\nfi\n# This output is used by Xcode 'outputs' to avoid re-running this script phase.\necho \"SUCCESS\" > \"${SCRIPT_OUTPUT_FILE_0}\"\n";
			showEnvVarsInLog = 0;
		};
		4A8016E45469CA779BF9D968 /* [CP] Check Pods Manifest.lock */ = {
			isa = PBXShellScriptBuildPhase;
			buildActionMask = 2147483647;
			files = (
			);
			inputFileListPaths = (
			);
			inputPaths = (
				"${PODS_PODFILE_DIR_PATH}/Podfile.lock",
				"${PODS_ROOT}/Manifest.lock",
			);
			name = "[CP] Check Pods Manifest.lock";
			outputFileListPaths = (
			);
			outputPaths = (
				"$(DERIVED_FILE_DIR)/Pods-parseChatDemoTests-checkManifestLockResult.txt",
			);
			runOnlyForDeploymentPostprocessing = 0;
			shellPath = /bin/sh;
			shellScript = "diff \"${PODS_PODFILE_DIR_PATH}/Podfile.lock\" \"${PODS_ROOT}/Manifest.lock\" > /dev/null\nif [ $? != 0 ] ; then\n    # print error to STDERR\n    echo \"error: The sandbox is not in sync with the Podfile.lock. Run 'pod install' or update your CocoaPods installation.\" >&2\n    exit 1\nfi\n# This output is used by Xcode 'outputs' to avoid re-running this script phase.\necho \"SUCCESS\" > \"${SCRIPT_OUTPUT_FILE_0}\"\n";
			showEnvVarsInLog = 0;
		};
		C2BBDE2E5E2DFC310EBD5129 /* [CP] Check Pods Manifest.lock */ = {
			isa = PBXShellScriptBuildPhase;
			buildActionMask = 2147483647;
			files = (
			);
			inputFileListPaths = (
			);
			inputPaths = (
				"${PODS_PODFILE_DIR_PATH}/Podfile.lock",
				"${PODS_ROOT}/Manifest.lock",
			);
			name = "[CP] Check Pods Manifest.lock";
			outputFileListPaths = (
			);
			outputPaths = (
				"$(DERIVED_FILE_DIR)/Pods-parseChatDemo-checkManifestLockResult.txt",
			);
			runOnlyForDeploymentPostprocessing = 0;
			shellPath = /bin/sh;
			shellScript = "diff \"${PODS_PODFILE_DIR_PATH}/Podfile.lock\" \"${PODS_ROOT}/Manifest.lock\" > /dev/null\nif [ $? != 0 ] ; then\n    # print error to STDERR\n    echo \"error: The sandbox is not in sync with the Podfile.lock. Run 'pod install' or update your CocoaPods installation.\" >&2\n    exit 1\nfi\n# This output is used by Xcode 'outputs' to avoid re-running this script phase.\necho \"SUCCESS\" > \"${SCRIPT_OUTPUT_FILE_0}\"\n";
			showEnvVarsInLog = 0;
		};
/* End PBXShellScriptBuildPhase section */

/* Begin PBXSourcesBuildPhase section */
		58ECEABC25FD400000610EF7 /* Sources */ = {
			isa = PBXSourcesBuildPhase;
			buildActionMask = 2147483647;
			files = (
				58ECEAC825FD400000610EF7 /* ViewController.swift in Sources */,
				58ECEAC425FD400000610EF7 /* AppDelegate.swift in Sources */,
				58ECEAC625FD400000610EF7 /* SceneDelegate.swift in Sources */,
			);
			runOnlyForDeploymentPostprocessing = 0;
		};
		58ECEAD225FD400100610EF7 /* Sources */ = {
			isa = PBXSourcesBuildPhase;
			buildActionMask = 2147483647;
			files = (
				58ECEADB25FD400100610EF7 /* parseChatDemoTests.swift in Sources */,
			);
			runOnlyForDeploymentPostprocessing = 0;
		};
		58ECEADD25FD400100610EF7 /* Sources */ = {
			isa = PBXSourcesBuildPhase;
			buildActionMask = 2147483647;
			files = (
				58ECEAE625FD400100610EF7 /* parseChatDemoUITests.swift in Sources */,
			);
			runOnlyForDeploymentPostprocessing = 0;
		};
/* End PBXSourcesBuildPhase section */

/* Begin PBXTargetDependency section */
		58ECEAD825FD400100610EF7 /* PBXTargetDependency */ = {
			isa = PBXTargetDependency;
			target = 58ECEABF25FD400000610EF7 /* parseChatDemo */;
			targetProxy = 58ECEAD725FD400100610EF7 /* PBXContainerItemProxy */;
		};
		58ECEAE325FD400100610EF7 /* PBXTargetDependency */ = {
			isa = PBXTargetDependency;
			target = 58ECEABF25FD400000610EF7 /* parseChatDemo */;
			targetProxy = 58ECEAE225FD400100610EF7 /* PBXContainerItemProxy */;
		};
/* End PBXTargetDependency section */

/* Begin PBXVariantGroup section */
		58ECEAC925FD400000610EF7 /* Main.storyboard */ = {
			isa = PBXVariantGroup;
			children = (
				58ECEACA25FD400000610EF7 /* Base */,
			);
			name = Main.storyboard;
			sourceTree = "<group>";
		};
		58ECEACE25FD400100610EF7 /* LaunchScreen.storyboard */ = {
			isa = PBXVariantGroup;
			children = (
				58ECEACF25FD400100610EF7 /* Base */,
			);
			name = LaunchScreen.storyboard;
			sourceTree = "<group>";
		};
/* End PBXVariantGroup section */

/* Begin XCBuildConfiguration section */
		58ECEAE825FD400100610EF7 /* Debug */ = {
			isa = XCBuildConfiguration;
			buildSettings = {
				ALWAYS_SEARCH_USER_PATHS = NO;
				CLANG_ANALYZER_NONNULL = YES;
				CLANG_ANALYZER_NUMBER_OBJECT_CONVERSION = YES_AGGRESSIVE;
				CLANG_CXX_LANGUAGE_STANDARD = "gnu++14";
				CLANG_CXX_LIBRARY = "libc++";
				CLANG_ENABLE_MODULES = YES;
				CLANG_ENABLE_OBJC_ARC = YES;
				CLANG_ENABLE_OBJC_WEAK = YES;
				CLANG_WARN_BLOCK_CAPTURE_AUTORELEASING = YES;
				CLANG_WARN_BOOL_CONVERSION = YES;
				CLANG_WARN_COMMA = YES;
				CLANG_WARN_CONSTANT_CONVERSION = YES;
				CLANG_WARN_DEPRECATED_OBJC_IMPLEMENTATIONS = YES;
				CLANG_WARN_DIRECT_OBJC_ISA_USAGE = YES_ERROR;
				CLANG_WARN_DOCUMENTATION_COMMENTS = YES;
				CLANG_WARN_EMPTY_BODY = YES;
				CLANG_WARN_ENUM_CONVERSION = YES;
				CLANG_WARN_INFINITE_RECURSION = YES;
				CLANG_WARN_INT_CONVERSION = YES;
				CLANG_WARN_NON_LITERAL_NULL_CONVERSION = YES;
				CLANG_WARN_OBJC_IMPLICIT_RETAIN_SELF = YES;
				CLANG_WARN_OBJC_LITERAL_CONVERSION = YES;
				CLANG_WARN_OBJC_ROOT_CLASS = YES_ERROR;
				CLANG_WARN_QUOTED_INCLUDE_IN_FRAMEWORK_HEADER = YES;
				CLANG_WARN_RANGE_LOOP_ANALYSIS = YES;
				CLANG_WARN_STRICT_PROTOTYPES = YES;
				CLANG_WARN_SUSPICIOUS_MOVE = YES;
				CLANG_WARN_UNGUARDED_AVAILABILITY = YES_AGGRESSIVE;
				CLANG_WARN_UNREACHABLE_CODE = YES;
				CLANG_WARN__DUPLICATE_METHOD_MATCH = YES;
				COPY_PHASE_STRIP = NO;
				DEBUG_INFORMATION_FORMAT = dwarf;
				ENABLE_STRICT_OBJC_MSGSEND = YES;
				ENABLE_TESTABILITY = YES;
				GCC_C_LANGUAGE_STANDARD = gnu11;
				GCC_DYNAMIC_NO_PIC = NO;
				GCC_NO_COMMON_BLOCKS = YES;
				GCC_OPTIMIZATION_LEVEL = 0;
				GCC_PREPROCESSOR_DEFINITIONS = (
					"DEBUG=1",
					"$(inherited)",
				);
				GCC_WARN_64_TO_32_BIT_CONVERSION = YES;
				GCC_WARN_ABOUT_RETURN_TYPE = YES_ERROR;
				GCC_WARN_UNDECLARED_SELECTOR = YES;
				GCC_WARN_UNINITIALIZED_AUTOS = YES_AGGRESSIVE;
				GCC_WARN_UNUSED_FUNCTION = YES;
				GCC_WARN_UNUSED_VARIABLE = YES;
				IPHONEOS_DEPLOYMENT_TARGET = 14.4;
				MTL_ENABLE_DEBUG_INFO = INCLUDE_SOURCE;
				MTL_FAST_MATH = YES;
				ONLY_ACTIVE_ARCH = YES;
				SDKROOT = iphoneos;
				SWIFT_ACTIVE_COMPILATION_CONDITIONS = DEBUG;
				SWIFT_OPTIMIZATION_LEVEL = "-Onone";
			};
			name = Debug;
		};
		58ECEAE925FD400100610EF7 /* Release */ = {
			isa = XCBuildConfiguration;
			buildSettings = {
				ALWAYS_SEARCH_USER_PATHS = NO;
				CLANG_ANALYZER_NONNULL = YES;
				CLANG_ANALYZER_NUMBER_OBJECT_CONVERSION = YES_AGGRESSIVE;
				CLANG_CXX_LANGUAGE_STANDARD = "gnu++14";
				CLANG_CXX_LIBRARY = "libc++";
				CLANG_ENABLE_MODULES = YES;
				CLANG_ENABLE_OBJC_ARC = YES;
				CLANG_ENABLE_OBJC_WEAK = YES;
				CLANG_WARN_BLOCK_CAPTURE_AUTORELEASING = YES;
				CLANG_WARN_BOOL_CONVERSION = YES;
				CLANG_WARN_COMMA = YES;
				CLANG_WARN_CONSTANT_CONVERSION = YES;
				CLANG_WARN_DEPRECATED_OBJC_IMPLEMENTATIONS = YES;
				CLANG_WARN_DIRECT_OBJC_ISA_USAGE = YES_ERROR;
				CLANG_WARN_DOCUMENTATION_COMMENTS = YES;
				CLANG_WARN_EMPTY_BODY = YES;
				CLANG_WARN_ENUM_CONVERSION = YES;
				CLANG_WARN_INFINITE_RECURSION = YES;
				CLANG_WARN_INT_CONVERSION = YES;
				CLANG_WARN_NON_LITERAL_NULL_CONVERSION = YES;
				CLANG_WARN_OBJC_IMPLICIT_RETAIN_SELF = YES;
				CLANG_WARN_OBJC_LITERAL_CONVERSION = YES;
				CLANG_WARN_OBJC_ROOT_CLASS = YES_ERROR;
				CLANG_WARN_QUOTED_INCLUDE_IN_FRAMEWORK_HEADER = YES;
				CLANG_WARN_RANGE_LOOP_ANALYSIS = YES;
				CLANG_WARN_STRICT_PROTOTYPES = YES;
				CLANG_WARN_SUSPICIOUS_MOVE = YES;
				CLANG_WARN_UNGUARDED_AVAILABILITY = YES_AGGRESSIVE;
				CLANG_WARN_UNREACHABLE_CODE = YES;
				CLANG_WARN__DUPLICATE_METHOD_MATCH = YES;
				COPY_PHASE_STRIP = NO;
				DEBUG_INFORMATION_FORMAT = "dwarf-with-dsym";
				ENABLE_NS_ASSERTIONS = NO;
				ENABLE_STRICT_OBJC_MSGSEND = YES;
				GCC_C_LANGUAGE_STANDARD = gnu11;
				GCC_NO_COMMON_BLOCKS = YES;
				GCC_WARN_64_TO_32_BIT_CONVERSION = YES;
				GCC_WARN_ABOUT_RETURN_TYPE = YES_ERROR;
				GCC_WARN_UNDECLARED_SELECTOR = YES;
				GCC_WARN_UNINITIALIZED_AUTOS = YES_AGGRESSIVE;
				GCC_WARN_UNUSED_FUNCTION = YES;
				GCC_WARN_UNUSED_VARIABLE = YES;
				IPHONEOS_DEPLOYMENT_TARGET = 14.4;
				MTL_ENABLE_DEBUG_INFO = NO;
				MTL_FAST_MATH = YES;
				SDKROOT = iphoneos;
				SWIFT_COMPILATION_MODE = wholemodule;
				SWIFT_OPTIMIZATION_LEVEL = "-O";
				VALIDATE_PRODUCT = YES;
			};
			name = Release;
		};
		58ECEAEB25FD400100610EF7 /* Debug */ = {
			isa = XCBuildConfiguration;
			baseConfigurationReference = 6EEDFDB6B936FF62DDF3E7E7 /* Pods-parseChatDemo.debug.xcconfig */;
			buildSettings = {
				ASSETCATALOG_COMPILER_APPICON_NAME = AppIcon;
				ASSETCATALOG_COMPILER_GLOBAL_ACCENT_COLOR_NAME = AccentColor;
				CODE_SIGN_STYLE = Automatic;
				DEVELOPMENT_TEAM = 2LX8V757F4;
				INFOPLIST_FILE = parseChatDemo/Info.plist;
				LD_RUNPATH_SEARCH_PATHS = (
					"$(inherited)",
					"@executable_path/Frameworks",
				);
				PRODUCT_BUNDLE_IDENTIFIER = com.example.parseChatDemo;
				PRODUCT_NAME = "$(TARGET_NAME)";
				SWIFT_VERSION = 5.0;
				TARGETED_DEVICE_FAMILY = "1,2";
			};
			name = Debug;
		};
		58ECEAEC25FD400100610EF7 /* Release */ = {
			isa = XCBuildConfiguration;
			baseConfigurationReference = AC92D2B25B7B41A2AA929FC0 /* Pods-parseChatDemo.release.xcconfig */;
			buildSettings = {
				ASSETCATALOG_COMPILER_APPICON_NAME = AppIcon;
				ASSETCATALOG_COMPILER_GLOBAL_ACCENT_COLOR_NAME = AccentColor;
				CODE_SIGN_STYLE = Automatic;
				DEVELOPMENT_TEAM = 2LX8V757F4;
				INFOPLIST_FILE = parseChatDemo/Info.plist;
				LD_RUNPATH_SEARCH_PATHS = (
					"$(inherited)",
					"@executable_path/Frameworks",
				);
				PRODUCT_BUNDLE_IDENTIFIER = com.example.parseChatDemo;
				PRODUCT_NAME = "$(TARGET_NAME)";
				SWIFT_VERSION = 5.0;
				TARGETED_DEVICE_FAMILY = "1,2";
			};
			name = Release;
		};
		58ECEAEE25FD400100610EF7 /* Debug */ = {
			isa = XCBuildConfiguration;
			baseConfigurationReference = AA2CCCAAB773402800DDC279 /* Pods-parseChatDemoTests.debug.xcconfig */;
			buildSettings = {
				ALWAYS_EMBED_SWIFT_STANDARD_LIBRARIES = YES;
				BUNDLE_LOADER = "$(TEST_HOST)";
				CODE_SIGN_STYLE = Automatic;
				DEVELOPMENT_TEAM = 2LX8V757F4;
				INFOPLIST_FILE = parseChatDemoTests/Info.plist;
				IPHONEOS_DEPLOYMENT_TARGET = 14.4;
				LD_RUNPATH_SEARCH_PATHS = (
					"$(inherited)",
					"@executable_path/Frameworks",
					"@loader_path/Frameworks",
				);
				PRODUCT_BUNDLE_IDENTIFIER = com.example.parseChatDemoTests;
				PRODUCT_NAME = "$(TARGET_NAME)";
				SWIFT_VERSION = 5.0;
				TARGETED_DEVICE_FAMILY = "1,2";
				TEST_HOST = "$(BUILT_PRODUCTS_DIR)/parseChatDemo.app/parseChatDemo";
			};
			name = Debug;
		};
		58ECEAEF25FD400100610EF7 /* Release */ = {
			isa = XCBuildConfiguration;
			baseConfigurationReference = D51306D66DB653D7D8A211BC /* Pods-parseChatDemoTests.release.xcconfig */;
			buildSettings = {
				ALWAYS_EMBED_SWIFT_STANDARD_LIBRARIES = YES;
				BUNDLE_LOADER = "$(TEST_HOST)";
				CODE_SIGN_STYLE = Automatic;
				DEVELOPMENT_TEAM = 2LX8V757F4;
				INFOPLIST_FILE = parseChatDemoTests/Info.plist;
				IPHONEOS_DEPLOYMENT_TARGET = 14.4;
				LD_RUNPATH_SEARCH_PATHS = (
					"$(inherited)",
					"@executable_path/Frameworks",
					"@loader_path/Frameworks",
				);
				PRODUCT_BUNDLE_IDENTIFIER = com.example.parseChatDemoTests;
				PRODUCT_NAME = "$(TARGET_NAME)";
				SWIFT_VERSION = 5.0;
				TARGETED_DEVICE_FAMILY = "1,2";
				TEST_HOST = "$(BUILT_PRODUCTS_DIR)/parseChatDemo.app/parseChatDemo";
			};
			name = Release;
		};
		58ECEAF125FD400100610EF7 /* Debug */ = {
			isa = XCBuildConfiguration;
			baseConfigurationReference = A416D00BE2742F55ACD88603 /* Pods-parseChatDemo-parseChatDemoUITests.debug.xcconfig */;
			buildSettings = {
				ALWAYS_EMBED_SWIFT_STANDARD_LIBRARIES = YES;
				CODE_SIGN_STYLE = Automatic;
				DEVELOPMENT_TEAM = 2LX8V757F4;
				INFOPLIST_FILE = parseChatDemoUITests/Info.plist;
				LD_RUNPATH_SEARCH_PATHS = (
					"$(inherited)",
					"@executable_path/Frameworks",
					"@loader_path/Frameworks",
				);
				PRODUCT_BUNDLE_IDENTIFIER = com.example.parseChatDemoUITests;
				PRODUCT_NAME = "$(TARGET_NAME)";
				SWIFT_VERSION = 5.0;
				TARGETED_DEVICE_FAMILY = "1,2";
				TEST_TARGET_NAME = parseChatDemo;
			};
			name = Debug;
		};
		58ECEAF225FD400100610EF7 /* Release */ = {
			isa = XCBuildConfiguration;
			baseConfigurationReference = 44B0F23703F29723864061B8 /* Pods-parseChatDemo-parseChatDemoUITests.release.xcconfig */;
			buildSettings = {
				ALWAYS_EMBED_SWIFT_STANDARD_LIBRARIES = YES;
				CODE_SIGN_STYLE = Automatic;
				DEVELOPMENT_TEAM = 2LX8V757F4;
				INFOPLIST_FILE = parseChatDemoUITests/Info.plist;
				LD_RUNPATH_SEARCH_PATHS = (
					"$(inherited)",
					"@executable_path/Frameworks",
					"@loader_path/Frameworks",
				);
				PRODUCT_BUNDLE_IDENTIFIER = com.example.parseChatDemoUITests;
				PRODUCT_NAME = "$(TARGET_NAME)";
				SWIFT_VERSION = 5.0;
				TARGETED_DEVICE_FAMILY = "1,2";
				TEST_TARGET_NAME = parseChatDemo;
			};
			name = Release;
		};
/* End XCBuildConfiguration section */

/* Begin XCConfigurationList section */
		58ECEABB25FD400000610EF7 /* Build configuration list for PBXProject "parseChatDemo" */ = {
			isa = XCConfigurationList;
			buildConfigurations = (
				58ECEAE825FD400100610EF7 /* Debug */,
				58ECEAE925FD400100610EF7 /* Release */,
			);
			defaultConfigurationIsVisible = 0;
			defaultConfigurationName = Release;
		};
		58ECEAEA25FD400100610EF7 /* Build configuration list for PBXNativeTarget "parseChatDemo" */ = {
			isa = XCConfigurationList;
			buildConfigurations = (
				58ECEAEB25FD400100610EF7 /* Debug */,
				58ECEAEC25FD400100610EF7 /* Release */,
			);
			defaultConfigurationIsVisible = 0;
			defaultConfigurationName = Release;
		};
		58ECEAED25FD400100610EF7 /* Build configuration list for PBXNativeTarget "parseChatDemoTests" */ = {
			isa = XCConfigurationList;
			buildConfigurations = (
				58ECEAEE25FD400100610EF7 /* Debug */,
				58ECEAEF25FD400100610EF7 /* Release */,
			);
			defaultConfigurationIsVisible = 0;
			defaultConfigurationName = Release;
		};
		58ECEAF025FD400100610EF7 /* Build configuration list for PBXNativeTarget "parseChatDemoUITests" */ = {
			isa = XCConfigurationList;
			buildConfigurations = (
				58ECEAF125FD400100610EF7 /* Debug */,
				58ECEAF225FD400100610EF7 /* Release */,
			);
			defaultConfigurationIsVisible = 0;
			defaultConfigurationName = Release;
		};
/* End XCConfigurationList section */
	};
	rootObject = 58ECEAB825FD400000610EF7 /* Project object */;
}
